
Microsoft Visual Studio Solution File, Format Version 12.00
# Visual Studio 14
VisualStudioVersion = 14.0.25420.1
MinimumVisualStudioVersion = 10.0.40219.1
Project("{2150E333-8FDC-42A3-9474-1A3956D46DE8}") = "src", "src", "{F46DEC85-4BEB-4527-8D58-2269F9A6F7EA}"
EndProject
Project("{2150E333-8FDC-42A3-9474-1A3956D46DE8}") = "Solution Items", "Solution Items", "{FB3C147E-3FE2-4A03-8A38-34E64F1D2E9D}"
	ProjectSection(SolutionItems) = preProject
		global.json = global.json
	EndProjectSection
EndProject
Project("{8BB2217D-0F2D-49D1-97BC-3654ED321F3B}") = "CrBeachHouses.Website", "src\CrBeachHouses.Website\CrBeachHouses.Website.xproj", "{1208111F-6C29-4EEC-9ED0-E4C5E6664BEC}"
EndProject
Global
	GlobalSection(SolutionConfigurationPlatforms) = preSolution
		Debug|Any CPU = Debug|Any CPU
		Release|Any CPU = Release|Any CPU
	EndGlobalSection
	GlobalSection(ProjectConfigurationPlatforms) = postSolution
		{1208111F-6C29-4EEC-9ED0-E4C5E6664BEC}.Debug|Any CPU.ActiveCfg = Debug|Any CPU
		{1208111F-6C29-4EEC-9ED0-E4C5E6664BEC}.Debug|Any CPU.Build.0 = Debug|Any CPU
		{1208111F-6C29-4EEC-9ED0-E4C5E6664BEC}.Release|Any CPU.ActiveCfg = Release|Any CPU
		{1208111F-6C29-4EEC-9ED0-E4C5E6664BEC}.Release|Any CPU.Build.0 = Release|Any CPU
	EndGlobalSection
	GlobalSection(SolutionProperties) = preSolution
		HideSolutionNode = FALSE
	EndGlobalSection
	GlobalSection(NestedProjects) = preSolution
		{1208111F-6C29-4EEC-9ED0-E4C5E6664BEC} = {F46DEC85-4BEB-4527-8D58-2269F9A6F7EA}
	EndGlobalSection
EndGlobal
